
Microsoft Visual Studio Solution File, Format Version 12.00
# Visual Studio Version 17
VisualStudioVersion = 17.1.32210.238
MinimumVisualStudioVersion = 10.0.40219.1
Project("{9A19103F-16F7-4668-BE54-9A1E7A4F7556}") = "RuiRei.Core", "RuiRei.Core\RuiRei.Core.csproj", "{73CFFE27-E37C-4D42-AECD-E2F9C2C1523E}"
EndProject
Project("{9A19103F-16F7-4668-BE54-9A1E7A4F7556}") = "RuiRei.Wpf", "RuiRei.Wpf\RuiRei.Wpf.csproj", "{E92BA082-D02C-4E81-95FE-D70538566D09}"
EndProject
Project("{FAE04EC0-301F-11D3-BF4B-00C04F79EFBC}") = "RuiRei.Reactive", "RuiRei.Reactive\RuiRei.Reactive.csproj", "{7938195F-CB54-452C-9A41-C5297E91DE5B}"
EndProject
Project("{FAE04EC0-301F-11D3-BF4B-00C04F79EFBC}") = "RuiRei.DataAccess", "RuiRei.DataAccess\RuiRei.DataAccess.csproj", "{AE09FB54-F74C-4269-B01A-1D541813094D}"
EndProject
Project("{FAE04EC0-301F-11D3-BF4B-00C04F79EFBC}") = "RuiRei.WinForms", "RuiRei.WinForms\RuiRei.WinForms.csproj", "{FB7AA646-B292-45A6-8E0C-BDA5127498A5}"
EndProject
Global
	GlobalSection(SolutionConfigurationPlatforms) = preSolution
		Debug|Any CPU = Debug|Any CPU
		Release|Any CPU = Release|Any CPU
	EndGlobalSection
	GlobalSection(ProjectConfigurationPlatforms) = postSolution
		{73CFFE27-E37C-4D42-AECD-E2F9C2C1523E}.Debug|Any CPU.ActiveCfg = Debug|Any CPU
		{73CFFE27-E37C-4D42-AECD-E2F9C2C1523E}.Debug|Any CPU.Build.0 = Debug|Any CPU
		{73CFFE27-E37C-4D42-AECD-E2F9C2C1523E}.Release|Any CPU.ActiveCfg = Release|Any CPU
		{73CFFE27-E37C-4D42-AECD-E2F9C2C1523E}.Release|Any CPU.Build.0 = Release|Any CPU
		{E92BA082-D02C-4E81-95FE-D70538566D09}.Debug|Any CPU.ActiveCfg = Debug|Any CPU
		{E92BA082-D02C-4E81-95FE-D70538566D09}.Debug|Any CPU.Build.0 = Debug|Any CPU
		{E92BA082-D02C-4E81-95FE-D70538566D09}.Release|Any CPU.ActiveCfg = Release|Any CPU
		{E92BA082-D02C-4E81-95FE-D70538566D09}.Release|Any CPU.Build.0 = Release|Any CPU
		{7938195F-CB54-452C-9A41-C5297E91DE5B}.Debug|Any CPU.ActiveCfg = Debug|Any CPU
		{7938195F-CB54-452C-9A41-C5297E91DE5B}.Debug|Any CPU.Build.0 = Debug|Any CPU
		{7938195F-CB54-452C-9A41-C5297E91DE5B}.Release|Any CPU.ActiveCfg = Release|Any CPU
		{7938195F-CB54-452C-9A41-C5297E91DE5B}.Release|Any CPU.Build.0 = Release|Any CPU
		{AE09FB54-F74C-4269-B01A-1D541813094D}.Debug|Any CPU.ActiveCfg = Debug|Any CPU
		{AE09FB54-F74C-4269-B01A-1D541813094D}.Debug|Any CPU.Build.0 = Debug|Any CPU
		{AE09FB54-F74C-4269-B01A-1D541813094D}.Release|Any CPU.ActiveCfg = Release|Any CPU
		{AE09FB54-F74C-4269-B01A-1D541813094D}.Release|Any CPU.Build.0 = Release|Any CPU
		{FB7AA646-B292-45A6-8E0C-BDA5127498A5}.Debug|Any CPU.ActiveCfg = Debug|Any CPU
		{FB7AA646-B292-45A6-8E0C-BDA5127498A5}.Debug|Any CPU.Build.0 = Debug|Any CPU
		{FB7AA646-B292-45A6-8E0C-BDA5127498A5}.Release|Any CPU.ActiveCfg = Release|Any CPU
		{FB7AA646-B292-45A6-8E0C-BDA5127498A5}.Release|Any CPU.Build.0 = Release|Any CPU
	EndGlobalSection
	GlobalSection(SolutionProperties) = preSolution
		HideSolutionNode = FALSE
	EndGlobalSection
	GlobalSection(ExtensibilityGlobals) = postSolution
		SolutionGuid = {24498DEE-ACC6-4574-9E99-245A69EB852C}
	EndGlobalSection
EndGlobal
